
Microsoft Visual Studio Solution File, Format Version 12.00
# Visual Studio Version 17
VisualStudioVersion = 17.7.34024.191
MinimumVisualStudioVersion = 10.0.40219.1
Project("{8BC9CEB8-8B4A-11D0-8D11-00A0C91BC942}") = "HelloOpenGL", "HelloOpenGL\HelloOpenGL.vcxproj", "{8F7A368F-703C-420E-ACB0-E97D2CE5A2D3}"
EndProject
Project("{8BC9CEB8-8B4A-11D0-8D11-00A0C91BC942}") = "DrawLine-GDI+", "DrawLine-GDI+\DrawLine.vcxproj", "{4DC17D96-4DDB-4F52-9C0C-5C607867F0A8}"
EndProject
Project("{8BC9CEB8-8B4A-11D0-8D11-00A0C91BC942}") = "LineDDA", "LineDDA\LineDDA.vcxproj", "{8B89405E-A400-4255-B476-1A2FF2F2308C}"
EndProject
Project("{8BC9CEB8-8B4A-11D0-8D11-00A0C91BC942}") = "LineMidPoint", "LineMidPoint\LineMidPoint.vcxproj", "{EF2DD55F-AB67-4188-AB74-007C747FE542}"
EndProject
Project("{8BC9CEB8-8B4A-11D0-8D11-00A0C91BC942}") = "HelloPoint", "HelloPoint\HelloPoint.vcxproj", "{B50DEAC4-DBDB-4ADB-B6D2-B6DC7D4406A0}"
EndProject
Project("{8BC9CEB8-8B4A-11D0-8D11-00A0C91BC942}") = "HelloTriangle", "HelloTriangle\HelloTriangle.vcxproj", "{3D331305-4A48-4FA3-A7AB-03FAF23B02FC}"
EndProject
Project("{8BC9CEB8-8B4A-11D0-8D11-00A0C91BC942}") = "LineMouseKeyboard", "LineMouseKeyboard\LineMouseKeyboard.vcxproj", "{0401E1D7-B1EA-4D74-B66F-73A2116D7E8A}"
EndProject
Project("{8BC9CEB8-8B4A-11D0-8D11-00A0C91BC942}") = "2DTransformation", "2DTransformation\2DTransformation.vcxproj", "{1AC5DD11-5EF2-441F-ADE6-58EA66306721}"
EndProject
Global
	GlobalSection(SolutionConfigurationPlatforms) = preSolution
		Debug|x64 = Debug|x64
		Debug|x86 = Debug|x86
		Release|x64 = Release|x64
		Release|x86 = Release|x86
	EndGlobalSection
	GlobalSection(ProjectConfigurationPlatforms) = postSolution
		{8F7A368F-703C-420E-ACB0-E97D2CE5A2D3}.Debug|x64.ActiveCfg = Debug|x64
		{8F7A368F-703C-420E-ACB0-E97D2CE5A2D3}.Debug|x64.Build.0 = Debug|x64
		{8F7A368F-703C-420E-ACB0-E97D2CE5A2D3}.Debug|x86.ActiveCfg = Debug|Win32
		{8F7A368F-703C-420E-ACB0-E97D2CE5A2D3}.Debug|x86.Build.0 = Debug|Win32
		{8F7A368F-703C-420E-ACB0-E97D2CE5A2D3}.Release|x64.ActiveCfg = Release|x64
		{8F7A368F-703C-420E-ACB0-E97D2CE5A2D3}.Release|x64.Build.0 = Release|x64
		{8F7A368F-703C-420E-ACB0-E97D2CE5A2D3}.Release|x86.ActiveCfg = Release|Win32
		{8F7A368F-703C-420E-ACB0-E97D2CE5A2D3}.Release|x86.Build.0 = Release|Win32
		{4DC17D96-4DDB-4F52-9C0C-5C607867F0A8}.Debug|x64.ActiveCfg = Debug|x64
		{4DC17D96-4DDB-4F52-9C0C-5C607867F0A8}.Debug|x64.Build.0 = Debug|x64
		{4DC17D96-4DDB-4F52-9C0C-5C607867F0A8}.Debug|x86.ActiveCfg = Debug|Win32
		{4DC17D96-4DDB-4F52-9C0C-5C607867F0A8}.Debug|x86.Build.0 = Debug|Win32
		{4DC17D96-4DDB-4F52-9C0C-5C607867F0A8}.Release|x64.ActiveCfg = Release|x64
		{4DC17D96-4DDB-4F52-9C0C-5C607867F0A8}.Release|x64.Build.0 = Release|x64
		{4DC17D96-4DDB-4F52-9C0C-5C607867F0A8}.Release|x86.ActiveCfg = Release|Win32
		{4DC17D96-4DDB-4F52-9C0C-5C607867F0A8}.Release|x86.Build.0 = Release|Win32
		{8B89405E-A400-4255-B476-1A2FF2F2308C}.Debug|x64.ActiveCfg = Debug|x64
		{8B89405E-A400-4255-B476-1A2FF2F2308C}.Debug|x64.Build.0 = Debug|x64
		{8B89405E-A400-4255-B476-1A2FF2F2308C}.Debug|x86.ActiveCfg = Debug|Win32
		{8B89405E-A400-4255-B476-1A2FF2F2308C}.Debug|x86.Build.0 = Debug|Win32
		{8B89405E-A400-4255-B476-1A2FF2F2308C}.Release|x64.ActiveCfg = Release|x64
		{8B89405E-A400-4255-B476-1A2FF2F2308C}.Release|x64.Build.0 = Release|x64
		{8B89405E-A400-4255-B476-1A2FF2F2308C}.Release|x86.ActiveCfg = Release|Win32
		{8B89405E-A400-4255-B476-1A2FF2F2308C}.Release|x86.Build.0 = Release|Win32
		{EF2DD55F-AB67-4188-AB74-007C747FE542}.Debug|x64.ActiveCfg = Debug|x64
		{EF2DD55F-AB67-4188-AB74-007C747FE542}.Debug|x64.Build.0 = Debug|x64
		{EF2DD55F-AB67-4188-AB74-007C747FE542}.Debug|x86.ActiveCfg = Debug|Win32
		{EF2DD55F-AB67-4188-AB74-007C747FE542}.Debug|x86.Build.0 = Debug|Win32
		{EF2DD55F-AB67-4188-AB74-007C747FE542}.Release|x64.ActiveCfg = Release|x64
		{EF2DD55F-AB67-4188-AB74-007C747FE542}.Release|x64.Build.0 = Release|x64
		{EF2DD55F-AB67-4188-AB74-007C747FE542}.Release|x86.ActiveCfg = Release|Win32
		{EF2DD55F-AB67-4188-AB74-007C747FE542}.Release|x86.Build.0 = Release|Win32
		{B50DEAC4-DBDB-4ADB-B6D2-B6DC7D4406A0}.Debug|x64.ActiveCfg = Debug|x64
		{B50DEAC4-DBDB-4ADB-B6D2-B6DC7D4406A0}.Debug|x64.Build.0 = Debug|x64
		{B50DEAC4-DBDB-4ADB-B6D2-B6DC7D4406A0}.Debug|x86.ActiveCfg = Debug|Win32
		{B50DEAC4-DBDB-4ADB-B6D2-B6DC7D4406A0}.Debug|x86.Build.0 = Debug|Win32
		{B50DEAC4-DBDB-4ADB-B6D2-B6DC7D4406A0}.Release|x64.ActiveCfg = Release|x64
		{B50DEAC4-DBDB-4ADB-B6D2-B6DC7D4406A0}.Release|x64.Build.0 = Release|x64
		{B50DEAC4-DBDB-4ADB-B6D2-B6DC7D4406A0}.Release|x86.ActiveCfg = Release|Win32
		{B50DEAC4-DBDB-4ADB-B6D2-B6DC7D4406A0}.Release|x86.Build.0 = Release|Win32
		{3D331305-4A48-4FA3-A7AB-03FAF23B02FC}.Debug|x64.ActiveCfg = Debug|x64
		{3D331305-4A48-4FA3-A7AB-03FAF23B02FC}.Debug|x64.Build.0 = Debug|x64
		{3D331305-4A48-4FA3-A7AB-03FAF23B02FC}.Debug|x86.ActiveCfg = Debug|Win32
		{3D331305-4A48-4FA3-A7AB-03FAF23B02FC}.Debug|x86.Build.0 = Debug|Win32
		{3D331305-4A48-4FA3-A7AB-03FAF23B02FC}.Release|x64.ActiveCfg = Release|x64
		{3D331305-4A48-4FA3-A7AB-03FAF23B02FC}.Release|x64.Build.0 = Release|x64
		{3D331305-4A48-4FA3-A7AB-03FAF23B02FC}.Release|x86.ActiveCfg = Release|Win32
		{3D331305-4A48-4FA3-A7AB-03FAF23B02FC}.Release|x86.Build.0 = Release|Win32
		{0401E1D7-B1EA-4D74-B66F-73A2116D7E8A}.Debug|x64.ActiveCfg = Debug|x64
		{0401E1D7-B1EA-4D74-B66F-73A2116D7E8A}.Debug|x64.Build.0 = Debug|x64
		{0401E1D7-B1EA-4D74-B66F-73A2116D7E8A}.Debug|x86.ActiveCfg = Debug|Win32
		{0401E1D7-B1EA-4D74-B66F-73A2116D7E8A}.Debug|x86.Build.0 = Debug|Win32
		{0401E1D7-B1EA-4D74-B66F-73A2116D7E8A}.Release|x64.ActiveCfg = Release|x64
		{0401E1D7-B1EA-4D74-B66F-73A2116D7E8A}.Release|x64.Build.0 = Release|x64
		{0401E1D7-B1EA-4D74-B66F-73A2116D7E8A}.Release|x86.ActiveCfg = Release|Win32
		{0401E1D7-B1EA-4D74-B66F-73A2116D7E8A}.Release|x86.Build.0 = Release|Win32
		{1AC5DD11-5EF2-441F-ADE6-58EA66306721}.Debug|x64.ActiveCfg = Debug|x64
		{1AC5DD11-5EF2-441F-ADE6-58EA66306721}.Debug|x64.Build.0 = Debug|x64
		{1AC5DD11-5EF2-441F-ADE6-58EA66306721}.Debug|x86.ActiveCfg = Debug|Win32
		{1AC5DD11-5EF2-441F-ADE6-58EA66306721}.Debug|x86.Build.0 = Debug|Win32
		{1AC5DD11-5EF2-441F-ADE6-58EA66306721}.Release|x64.ActiveCfg = Release|x64
		{1AC5DD11-5EF2-441F-ADE6-58EA66306721}.Release|x64.Build.0 = Release|x64
		{1AC5DD11-5EF2-441F-ADE6-58EA66306721}.Release|x86.ActiveCfg = Release|Win32
		{1AC5DD11-5EF2-441F-ADE6-58EA66306721}.Release|x86.Build.0 = Release|Win32
	EndGlobalSection
	GlobalSection(SolutionProperties) = preSolution
		HideSolutionNode = FALSE
	EndGlobalSection
	GlobalSection(ExtensibilityGlobals) = postSolution
		SolutionGuid = {DD46CA31-BA49-43DE-A05C-E316F4C9409B}
	EndGlobalSection
EndGlobal
